
Microsoft Visual Studio Solution File, Format Version 12.00
# Visual Studio 14
VisualStudioVersion = 14.0.25420.1
MinimumVisualStudioVersion = 10.0.40219.1
Project("{FAE04EC0-301F-11D3-BF4B-00C04F79EFBC}") = "CDSImprimeTexto", "CDSImprimeTexto\CDSImprimeTexto.csproj", "{4236EC20-DC0A-4090-B446-8A89E920738E}"
EndProject
Project("{FAE04EC0-301F-11D3-BF4B-00C04F79EFBC}") = "TestaImpressao", "TestaImpressao\TestaImpressao.csproj", "{3E33871B-A556-491F-953B-EA24296F7F0B}"
EndProject
Project("{2150E333-8FDC-42A3-9474-1A3956D46DE8}") = "Nuget", "Nuget", "{ED265121-9248-471C-A97A-F9BFAAFA765D}"
	ProjectSection(SolutionItems) = preProject
		CDSImprimeTexto.nuspec = CDSImprimeTexto.nuspec
	EndProjectSection
EndProject
Global
	GlobalSection(SolutionConfigurationPlatforms) = preSolution
		Debug|Any CPU = Debug|Any CPU
		Release|Any CPU = Release|Any CPU
	EndGlobalSection
	GlobalSection(ProjectConfigurationPlatforms) = postSolution
		{4236EC20-DC0A-4090-B446-8A89E920738E}.Debug|Any CPU.ActiveCfg = Debug|Any CPU
		{4236EC20-DC0A-4090-B446-8A89E920738E}.Debug|Any CPU.Build.0 = Debug|Any CPU
		{4236EC20-DC0A-4090-B446-8A89E920738E}.Release|Any CPU.ActiveCfg = Release|Any CPU
		{4236EC20-DC0A-4090-B446-8A89E920738E}.Release|Any CPU.Build.0 = Release|Any CPU
		{3E33871B-A556-491F-953B-EA24296F7F0B}.Debug|Any CPU.ActiveCfg = Debug|Any CPU
		{3E33871B-A556-491F-953B-EA24296F7F0B}.Debug|Any CPU.Build.0 = Debug|Any CPU
		{3E33871B-A556-491F-953B-EA24296F7F0B}.Release|Any CPU.ActiveCfg = Release|Any CPU
		{3E33871B-A556-491F-953B-EA24296F7F0B}.Release|Any CPU.Build.0 = Release|Any CPU
	EndGlobalSection
	GlobalSection(SolutionProperties) = preSolution
		HideSolutionNode = FALSE
	EndGlobalSection
EndGlobal
